
Microsoft Visual Studio Solution File, Format Version 12.00
# Visual Studio Version 16
VisualStudioVersion = 16.0.30413.136
MinimumVisualStudioVersion = 10.0.40219.1
Project("{888888A0-9F3D-457C-B088-3A5042F75D52}") = "graf", "graf.pyproj", "{CC6D6BFE-3D3F-4EEA-8732-41656980F3E3}"
EndProject
Global
	GlobalSection(SolutionConfigurationPlatforms) = preSolution
		Debug|Any CPU = Debug|Any CPU
		Release|Any CPU = Release|Any CPU
	EndGlobalSection
	GlobalSection(ProjectConfigurationPlatforms) = postSolution
		{CC6D6BFE-3D3F-4EEA-8732-41656980F3E3}.Debug|Any CPU.ActiveCfg = Debug|Any CPU
		{CC6D6BFE-3D3F-4EEA-8732-41656980F3E3}.Release|Any CPU.ActiveCfg = Release|Any CPU
	EndGlobalSection
	GlobalSection(SolutionProperties) = preSolution
		HideSolutionNode = FALSE
	EndGlobalSection
	GlobalSection(ExtensibilityGlobals) = postSolution
		SolutionGuid = {A3DC925E-0F4D-447F-95AE-86FEB220E8EB}
	EndGlobalSection
EndGlobal
